Microsoft Visual Studio Solution File, Format Version 12.00
# Visual Studio Version 17
VisualStudioVersion = 17.8.0.0
MinimumVisualStudioVersion = 10.0.40219.1
Project("{9A19103F-16F7-4668-BE54-9A1E7A4F755E}") = "Cert.Platform.Entities", "Cert.Platform.Entities\Cert.Platform.Entities.csproj", "{E1A2B3C4-D5E6-7890-ABCD-EF1234567890}"
EndProject
Project("{9A19103F-16F7-4668-BE54-9A1E7A4F755E}") = "Cert.Platform.Infrastructure", "Cert.Platform.Infrastructure\Cert.Platform.Infrastructure.csproj", "{E2B3C4D5-E6F7-8901-BCDE-F12345678901}"
EndProject
Project("{9A19103F-16F7-4668-BE54-9A1E7A4F755E}") = "Cert.Platform.Sys", "Cert.Platform.Sys\Cert.Platform.Sys.csproj", "{E3C4D5E6-F7A8-9012-CDEF-123456789012}"
EndProject
Project("{9A19103F-16F7-4668-BE54-9A1E7A4F755E}") = "Cert.Platform.Business", "Cert.Platform.Business\Cert.Platform.Business.csproj", "{E4D5E6F7-A8B9-0123-DEFA-234567890123}"
EndProject
Project("{9A19103F-16F7-4668-BE54-9A1E7A4F755E}") = "Cert.Platform.Builder", "Cert.Platform.Builder\Cert.Platform.Builder.csproj", "{E5E6F7A8-B9C0-1234-EFAB-345678901234}"
EndProject
Project("{9A19103F-16F7-4668-BE54-9A1E7A4F755E}") = "Cert.Platform.Api", "Cert.Platform.Api\Cert.Platform.Api.csproj", "{E6F7A8B9-C0D1-2345-FABC-456789012345}"
EndProject
Project("{9A19103F-16F7-4668-BE54-9A1E7A4F755E}") = "Admin", "Admin\Admin.csproj", "{E7A8B9C0-D1E2-3456-ABCD-567890123456}"
EndProject
Global
	GlobalSection(SolutionConfigurationPlatforms) = preSolution
		Debug|Any CPU = Debug|Any CPU
		Release|Any CPU = Release|Any CPU
	EndGlobalSection
	GlobalSection(ProjectConfigurationPlatforms) = postSolution
		{E1A2B3C4-D5E6-7890-ABCD-EF1234567890}.Debug|Any CPU.ActiveCfg = Debug|Any CPU
		{E1A2B3C4-D5E6-7890-ABCD-EF1234567890}.Debug|Any CPU.Build.0 = Debug|Any CPU
		{E1A2B3C4-D5E6-7890-ABCD-EF1234567890}.Release|Any CPU.ActiveCfg = Release|Any CPU
		{E1A2B3C4-D5E6-7890-ABCD-EF1234567890}.Release|Any CPU.Build.0 = Release|Any CPU
		{E2B3C4D5-E6F7-8901-BCDE-F12345678901}.Debug|Any CPU.ActiveCfg = Debug|Any CPU
		{E2B3C4D5-E6F7-8901-BCDE-F12345678901}.Debug|Any CPU.Build.0 = Debug|Any CPU
		{E2B3C4D5-E6F7-8901-BCDE-F12345678901}.Release|Any CPU.ActiveCfg = Release|Any CPU
		{E2B3C4D5-E6F7-8901-BCDE-F12345678901}.Release|Any CPU.Build.0 = Release|Any CPU
		{E3C4D5E6-F7A8-9012-CDEF-123456789012}.Debug|Any CPU.ActiveCfg = Debug|Any CPU
		{E3C4D5E6-F7A8-9012-CDEF-123456789012}.Debug|Any CPU.Build.0 = Debug|Any CPU
		{E3C4D5E6-F7A8-9012-CDEF-123456789012}.Release|Any CPU.ActiveCfg = Release|Any CPU
		{E3C4D5E6-F7A8-9012-CDEF-123456789012}.Release|Any CPU.Build.0 = Release|Any CPU
		{E4D5E6F7-A8B9-0123-DEFA-234567890123}.Debug|Any CPU.ActiveCfg = Debug|Any CPU
		{E4D5E6F7-A8B9-0123-DEFA-234567890123}.Debug|Any CPU.Build.0 = Debug|Any CPU
		{E4D5E6F7-A8B9-0123-DEFA-234567890123}.Release|Any CPU.ActiveCfg = Release|Any CPU
		{E4D5E6F7-A8B9-0123-DEFA-234567890123}.Release|Any CPU.Build.0 = Release|Any CPU
		{E5E6F7A8-B9C0-1234-EFAB-345678901234}.Debug|Any CPU.ActiveCfg = Debug|Any CPU
		{E5E6F7A8-B9C0-1234-EFAB-345678901234}.Debug|Any CPU.Build.0 = Debug|Any CPU
		{E5E6F7A8-B9C0-1234-EFAB-345678901234}.Release|Any CPU.ActiveCfg = Release|Any CPU
		{E5E6F7A8-B9C0-1234-EFAB-345678901234}.Release|Any CPU.Build.0 = Release|Any CPU
		{E6F7A8B9-C0D1-2345-FABC-456789012345}.Debug|Any CPU.ActiveCfg = Debug|Any CPU
		{E6F7A8B9-C0D1-2345-FABC-456789012345}.Debug|Any CPU.Build.0 = Debug|Any CPU
		{E6F7A8B9-C0D1-2345-FABC-456789012345}.Release|Any CPU.ActiveCfg = Release|Any CPU
		{E6F7A8B9-C0D1-2345-FABC-456789012345}.Release|Any CPU.Build.0 = Release|Any CPU
		{E7A8B9C0-D1E2-3456-ABCD-567890123456}.Debug|Any CPU.ActiveCfg = Debug|Any CPU
		{E7A8B9C0-D1E2-3456-ABCD-567890123456}.Debug|Any CPU.Build.0 = Debug|Any CPU
		{E7A8B9C0-D1E2-3456-ABCD-567890123456}.Release|Any CPU.ActiveCfg = Release|Any CPU
		{E7A8B9C0-D1E2-3456-ABCD-567890123456}.Release|Any CPU.Build.0 = Release|Any CPU
	EndGlobalSection
	GlobalSection(SolutionProperties) = preSolution
		HideSolutionNode = FALSE
	EndGlobalSection
EndGlobal
