
Microsoft Visual Studio Solution File, Format Version 12.00
# Visual Studio Version 17
VisualStudioVersion = 17.0.31903.59
MinimumVisualStudioVersion = 10.0.40219.1
Project("{2150E333-8FDC-42A3-9474-1A3956D46DE8}") = "src", "src", "{827E0CD3-B72D-47B6-A68D-7590B98EB39B}"
EndProject
Project("{2150E333-8FDC-42A3-9474-1A3956D46DE8}") = "yzh-core", "yzh-core", "{78C4FAAB-8011-42EB-9302-9F5DB6638C80}"
EndProject
Project("{FAE04EC0-301F-11D3-BF4B-00C04F79EFBC}") = "YZH.Core.Stand", "src\yzh-core\YZH.Core.Stand\YZH.Core.Stand.csproj", "{A9462516-AEB0-4FCD-9FB6-8C2E19A2F0A2}"
EndProject
Project("{FAE04EC0-301F-11D3-BF4B-00C04F79EFBC}") = "YZH.Core.DataBase", "src\yzh-core\YZH.Core.DataBase\YZH.Core.DataBase.csproj", "{37AE5FD6-5538-49F4-8156-7B2102058B74}"
EndProject
Project("{FAE04EC0-301F-11D3-BF4B-00C04F79EFBC}") = "YZH.Core.Api", "src\yzh-core\YZH.Core.Api\YZH.Core.Api.csproj", "{97811B1A-C4C3-46A8-B7B3-23E3717F61B9}"
EndProject
Project("{FAE04EC0-301F-11D3-BF4B-00C04F79EFBC}") = "YZH.Core.Web", "src\yzh-core\YZH.Core.Web\YZH.Core.Web.csproj", "{0A4B9612-1FB4-4F90-938A-8CF162528F91}"
EndProject
Project("{2150E333-8FDC-42A3-9474-1A3956D46DE8}") = "certplatform-api", "certplatform-api", "{BE54D6AB-2CD1-685A-29CD-104B793051EB}"
EndProject
Project("{FAE04EC0-301F-11D3-BF4B-00C04F79EFBC}") = "CertPlatform.Shared", "src\certplatform-api\CertPlatform.Shared\CertPlatform.Shared.csproj", "{C5820D43-06B6-455B-B2CE-4399FCE1162F}"
EndProject
Project("{FAE04EC0-301F-11D3-BF4B-00C04F79EFBC}") = "CertPlatform.Admin", "src\certplatform-api\CertPlatform.Admin\CertPlatform.Admin.csproj", "{64CF0DDE-8529-4B4C-A9E6-C5D07B8FBF2C}"
EndProject
Project("{FAE04EC0-301F-11D3-BF4B-00C04F79EFBC}") = "CertPlatform.Auditor", "src\certplatform-api\CertPlatform.Auditor\CertPlatform.Auditor.csproj", "{40051B29-67F7-4449-A387-FC8F79C20A23}"
EndProject
Project("{FAE04EC0-301F-11D3-BF4B-00C04F79EFBC}") = "CertPlatform.Enterprise", "src\certplatform-api\CertPlatform.Enterprise\CertPlatform.Enterprise.csproj", "{8FECCCA6-6262-4464-B8C6-EFC40B97BA02}"
EndProject
Global
	GlobalSection(SolutionConfigurationPlatforms) = preSolution
		Debug|Any CPU = Debug|Any CPU
		Debug|x64 = Debug|x64
		Debug|x86 = Debug|x86
		Release|Any CPU = Release|Any CPU
		Release|x64 = Release|x64
		Release|x86 = Release|x86
	EndGlobalSection
	GlobalSection(ProjectConfigurationPlatforms) = postSolution
		{A9462516-AEB0-4FCD-9FB6-8C2E19A2F0A2}.Debug|Any CPU.ActiveCfg = Debug|Any CPU
		{A9462516-AEB0-4FCD-9FB6-8C2E19A2F0A2}.Debug|Any CPU.Build.0 = Debug|Any CPU
		{A9462516-AEB0-4FCD-9FB6-8C2E19A2F0A2}.Debug|x64.ActiveCfg = Debug|Any CPU
		{A9462516-AEB0-4FCD-9FB6-8C2E19A2F0A2}.Debug|x64.Build.0 = Debug|Any CPU
		{A9462516-AEB0-4FCD-9FB6-8C2E19A2F0A2}.Debug|x86.ActiveCfg = Debug|Any CPU
		{A9462516-AEB0-4FCD-9FB6-8C2E19A2F0A2}.Debug|x86.Build.0 = Debug|Any CPU
		{A9462516-AEB0-4FCD-9FB6-8C2E19A2F0A2}.Release|Any CPU.ActiveCfg = Release|Any CPU
		{A9462516-AEB0-4FCD-9FB6-8C2E19A2F0A2}.Release|Any CPU.Build.0 = Release|Any CPU
		{A9462516-AEB0-4FCD-9FB6-8C2E19A2F0A2}.Release|x64.ActiveCfg = Release|Any CPU
		{A9462516-AEB0-4FCD-9FB6-8C2E19A2F0A2}.Release|x64.Build.0 = Release|Any CPU
		{A9462516-AEB0-4FCD-9FB6-8C2E19A2F0A2}.Release|x86.ActiveCfg = Release|Any CPU
		{A9462516-AEB0-4FCD-9FB6-8C2E19A2F0A2}.Release|x86.Build.0 = Release|Any CPU
		{37AE5FD6-5538-49F4-8156-7B2102058B74}.Debug|Any CPU.ActiveCfg = Debug|Any CPU
		{37AE5FD6-5538-49F4-8156-7B2102058B74}.Debug|Any CPU.Build.0 = Debug|Any CPU
		{37AE5FD6-5538-49F4-8156-7B2102058B74}.Debug|x64.ActiveCfg = Debug|Any CPU
		{37AE5FD6-5538-49F4-8156-7B2102058B74}.Debug|x64.Build.0 = Debug|Any CPU
		{37AE5FD6-5538-49F4-8156-7B2102058B74}.Debug|x86.ActiveCfg = Debug|Any CPU
		{37AE5FD6-5538-49F4-8156-7B2102058B74}.Debug|x86.Build.0 = Debug|Any CPU
		{37AE5FD6-5538-49F4-8156-7B2102058B74}.Release|Any CPU.ActiveCfg = Release|Any CPU
		{37AE5FD6-5538-49F4-8156-7B2102058B74}.Release|Any CPU.Build.0 = Release|Any CPU
		{37AE5FD6-5538-49F4-8156-7B2102058B74}.Release|x64.ActiveCfg = Release|Any CPU
		{37AE5FD6-5538-49F4-8156-7B2102058B74}.Release|x64.Build.0 = Release|Any CPU
		{37AE5FD6-5538-49F4-8156-7B2102058B74}.Release|x86.ActiveCfg = Release|Any CPU
		{37AE5FD6-5538-49F4-8156-7B2102058B74}.Release|x86.Build.0 = Release|Any CPU
		{97811B1A-C4C3-46A8-B7B3-23E3717F61B9}.Debug|Any CPU.ActiveCfg = Debug|Any CPU
		{97811B1A-C4C3-46A8-B7B3-23E3717F61B9}.Debug|Any CPU.Build.0 = Debug|Any CPU
		{97811B1A-C4C3-46A8-B7B3-23E3717F61B9}.Debug|x64.ActiveCfg = Debug|Any CPU
		{97811B1A-C4C3-46A8-B7B3-23E3717F61B9}.Debug|x64.Build.0 = Debug|Any CPU
		{97811B1A-C4C3-46A8-B7B3-23E3717F61B9}.Debug|x86.ActiveCfg = Debug|Any CPU
		{97811B1A-C4C3-46A8-B7B3-23E3717F61B9}.Debug|x86.Build.0 = Debug|Any CPU
		{97811B1A-C4C3-46A8-B7B3-23E3717F61B9}.Release|Any CPU.ActiveCfg = Release|Any CPU
		{97811B1A-C4C3-46A8-B7B3-23E3717F61B9}.Release|Any CPU.Build.0 = Release|Any CPU
		{97811B1A-C4C3-46A8-B7B3-23E3717F61B9}.Release|x64.ActiveCfg = Release|Any CPU
		{97811B1A-C4C3-46A8-B7B3-23E3717F61B9}.Release|x64.Build.0 = Release|Any CPU
		{97811B1A-C4C3-46A8-B7B3-23E3717F61B9}.Release|x86.ActiveCfg = Release|Any CPU
		{97811B1A-C4C3-46A8-B7B3-23E3717F61B9}.Release|x86.Build.0 = Release|Any CPU
		{0A4B9612-1FB4-4F90-938A-8CF162528F91}.Debug|Any CPU.ActiveCfg = Debug|Any CPU
		{0A4B9612-1FB4-4F90-938A-8CF162528F91}.Debug|Any CPU.Build.0 = Debug|Any CPU
		{0A4B9612-1FB4-4F90-938A-8CF162528F91}.Debug|x64.ActiveCfg = Debug|Any CPU
		{0A4B9612-1FB4-4F90-938A-8CF162528F91}.Debug|x64.Build.0 = Debug|Any CPU
		{0A4B9612-1FB4-4F90-938A-8CF162528F91}.Debug|x86.ActiveCfg = Debug|Any CPU
		{0A4B9612-1FB4-4F90-938A-8CF162528F91}.Debug|x86.Build.0 = Debug|Any CPU
		{0A4B9612-1FB4-4F90-938A-8CF162528F91}.Release|Any CPU.ActiveCfg = Release|Any CPU
		{0A4B9612-1FB4-4F90-938A-8CF162528F91}.Release|Any CPU.Build.0 = Release|Any CPU
		{0A4B9612-1FB4-4F90-938A-8CF162528F91}.Release|x64.ActiveCfg = Release|Any CPU
		{0A4B9612-1FB4-4F90-938A-8CF162528F91}.Release|x64.Build.0 = Release|Any CPU
		{0A4B9612-1FB4-4F90-938A-8CF162528F91}.Release|x86.ActiveCfg = Release|Any CPU
		{0A4B9612-1FB4-4F90-938A-8CF162528F91}.Release|x86.Build.0 = Release|Any CPU
		{C5820D43-06B6-455B-B2CE-4399FCE1162F}.Debug|Any CPU.ActiveCfg = Debug|Any CPU
		{C5820D43-06B6-455B-B2CE-4399FCE1162F}.Debug|Any CPU.Build.0 = Debug|Any CPU
		{C5820D43-06B6-455B-B2CE-4399FCE1162F}.Debug|x64.ActiveCfg = Debug|Any CPU
		{C5820D43-06B6-455B-B2CE-4399FCE1162F}.Debug|x64.Build.0 = Debug|Any CPU
		{C5820D43-06B6-455B-B2CE-4399FCE1162F}.Debug|x86.ActiveCfg = Debug|Any CPU
		{C5820D43-06B6-455B-B2CE-4399FCE1162F}.Debug|x86.Build.0 = Debug|Any CPU
		{C5820D43-06B6-455B-B2CE-4399FCE1162F}.Release|Any CPU.ActiveCfg = Release|Any CPU
		{C5820D43-06B6-455B-B2CE-4399FCE1162F}.Release|Any CPU.Build.0 = Release|Any CPU
		{C5820D43-06B6-455B-B2CE-4399FCE1162F}.Release|x64.ActiveCfg = Release|Any CPU
		{C5820D43-06B6-455B-B2CE-4399FCE1162F}.Release|x64.Build.0 = Release|Any CPU
		{C5820D43-06B6-455B-B2CE-4399FCE1162F}.Release|x86.ActiveCfg = Release|Any CPU
		{C5820D43-06B6-455B-B2CE-4399FCE1162F}.Release|x86.Build.0 = Release|Any CPU
		{64CF0DDE-8529-4B4C-A9E6-C5D07B8FBF2C}.Debug|Any CPU.ActiveCfg = Debug|Any CPU
		{64CF0DDE-8529-4B4C-A9E6-C5D07B8FBF2C}.Debug|Any CPU.Build.0 = Debug|Any CPU
		{64CF0DDE-8529-4B4C-A9E6-C5D07B8FBF2C}.Debug|x64.ActiveCfg = Debug|Any CPU
		{64CF0DDE-8529-4B4C-A9E6-C5D07B8FBF2C}.Debug|x64.Build.0 = Debug|Any CPU
		{64CF0DDE-8529-4B4C-A9E6-C5D07B8FBF2C}.Debug|x86.ActiveCfg = Debug|Any CPU
		{64CF0DDE-8529-4B4C-A9E6-C5D07B8FBF2C}.Debug|x86.Build.0 = Debug|Any CPU
		{64CF0DDE-8529-4B4C-A9E6-C5D07B8FBF2C}.Release|Any CPU.ActiveCfg = Release|Any CPU
		{64CF0DDE-8529-4B4C-A9E6-C5D07B8FBF2C}.Release|Any CPU.Build.0 = Release|Any CPU
		{64CF0DDE-8529-4B4C-A9E6-C5D07B8FBF2C}.Release|x64.ActiveCfg = Release|Any CPU
		{64CF0DDE-8529-4B4C-A9E6-C5D07B8FBF2C}.Release|x64.Build.0 = Release|Any CPU
		{64CF0DDE-8529-4B4C-A9E6-C5D07B8FBF2C}.Release|x86.ActiveCfg = Release|Any CPU
		{64CF0DDE-8529-4B4C-A9E6-C5D07B8FBF2C}.Release|x86.Build.0 = Release|Any CPU
		{40051B29-67F7-4449-A387-FC8F79C20A23}.Debug|Any CPU.ActiveCfg = Debug|Any CPU
		{40051B29-67F7-4449-A387-FC8F79C20A23}.Debug|Any CPU.Build.0 = Debug|Any CPU
		{40051B29-67F7-4449-A387-FC8F79C20A23}.Debug|x64.ActiveCfg = Debug|Any CPU
		{40051B29-67F7-4449-A387-FC8F79C20A23}.Debug|x64.Build.0 = Debug|Any CPU
		{40051B29-67F7-4449-A387-FC8F79C20A23}.Debug|x86.ActiveCfg = Debug|Any CPU
		{40051B29-67F7-4449-A387-FC8F79C20A23}.Debug|x86.Build.0 = Debug|Any CPU
		{40051B29-67F7-4449-A387-FC8F79C20A23}.Release|Any CPU.ActiveCfg = Release|Any CPU
		{40051B29-67F7-4449-A387-FC8F79C20A23}.Release|Any CPU.Build.0 = Release|Any CPU
		{40051B29-67F7-4449-A387-FC8F79C20A23}.Release|x64.ActiveCfg = Release|Any CPU
		{40051B29-67F7-4449-A387-FC8F79C20A23}.Release|x64.Build.0 = Release|Any CPU
		{40051B29-67F7-4449-A387-FC8F79C20A23}.Release|x86.ActiveCfg = Release|Any CPU
		{40051B29-67F7-4449-A387-FC8F79C20A23}.Release|x86.Build.0 = Release|Any CPU
		{8FECCCA6-6262-4464-B8C6-EFC40B97BA02}.Debug|Any CPU.ActiveCfg = Debug|Any CPU
		{8FECCCA6-6262-4464-B8C6-EFC40B97BA02}.Debug|Any CPU.Build.0 = Debug|Any CPU
		{8FECCCA6-6262-4464-B8C6-EFC40B97BA02}.Debug|x64.ActiveCfg = Debug|Any CPU
		{8FECCCA6-6262-4464-B8C6-EFC40B97BA02}.Debug|x64.Build.0 = Debug|Any CPU
		{8FECCCA6-6262-4464-B8C6-EFC40B97BA02}.Debug|x86.ActiveCfg = Debug|Any CPU
		{8FECCCA6-6262-4464-B8C6-EFC40B97BA02}.Debug|x86.Build.0 = Debug|Any CPU
		{8FECCCA6-6262-4464-B8C6-EFC40B97BA02}.Release|Any CPU.ActiveCfg = Release|Any CPU
		{8FECCCA6-6262-4464-B8C6-EFC40B97BA02}.Release|Any CPU.Build.0 = Release|Any CPU
		{8FECCCA6-6262-4464-B8C6-EFC40B97BA02}.Release|x64.ActiveCfg = Release|Any CPU
		{8FECCCA6-6262-4464-B8C6-EFC40B97BA02}.Release|x64.Build.0 = Release|Any CPU
		{8FECCCA6-6262-4464-B8C6-EFC40B97BA02}.Release|x86.ActiveCfg = Release|Any CPU
		{8FECCCA6-6262-4464-B8C6-EFC40B97BA02}.Release|x86.Build.0 = Release|Any CPU
	EndGlobalSection
	GlobalSection(SolutionProperties) = preSolution
		HideSolutionNode = FALSE
	EndGlobalSection
	GlobalSection(NestedProjects) = preSolution
		{78C4FAAB-8011-42EB-9302-9F5DB6638C80} = {827E0CD3-B72D-47B6-A68D-7590B98EB39B}
		{A9462516-AEB0-4FCD-9FB6-8C2E19A2F0A2} = {78C4FAAB-8011-42EB-9302-9F5DB6638C80}
		{37AE5FD6-5538-49F4-8156-7B2102058B74} = {78C4FAAB-8011-42EB-9302-9F5DB6638C80}
		{97811B1A-C4C3-46A8-B7B3-23E3717F61B9} = {78C4FAAB-8011-42EB-9302-9F5DB6638C80}
		{0A4B9612-1FB4-4F90-938A-8CF162528F91} = {78C4FAAB-8011-42EB-9302-9F5DB6638C80}
		{BE54D6AB-2CD1-685A-29CD-104B793051EB} = {827E0CD3-B72D-47B6-A68D-7590B98EB39B}
		{C5820D43-06B6-455B-B2CE-4399FCE1162F} = {BE54D6AB-2CD1-685A-29CD-104B793051EB}
		{64CF0DDE-8529-4B4C-A9E6-C5D07B8FBF2C} = {BE54D6AB-2CD1-685A-29CD-104B793051EB}
		{40051B29-67F7-4449-A387-FC8F79C20A23} = {BE54D6AB-2CD1-685A-29CD-104B793051EB}
		{8FECCCA6-6262-4464-B8C6-EFC40B97BA02} = {BE54D6AB-2CD1-685A-29CD-104B793051EB}
	EndGlobalSection
EndGlobal
